{
  "name": "better-stimulus",
  "version": "1.0.0",
  "lockfileVersion": 1,
  "requires": true,
  "dependencies": {
    "@stimulus/core": {
      "version": "1.1.1",
      "resolved": "https://registry.npmjs.org/@stimulus/core/-/core-1.1.1.tgz",
      "integrity": "sha512-PVJv7IpuQx0MVPCBblXc6O2zbCmU8dlxXNH4bC9KK6LsvGaE+PCXXrXQfXUwAsse1/CmRu/iQG7Ov58himjiGg==",
      "requires": {
        "@stimulus/mutation-observers": "^1.1.1"
      }
    },
    "@stimulus/multimap": {
      "version": "1.1.1",
      "resolved": "https://registry.npmjs.org/@stimulus/multimap/-/multimap-1.1.1.tgz",
      "integrity": "sha512-26R1fI3a8uUj0WlMmta4qcfIQGlagegdP4PTz6lz852q/dXlG6r+uPS/bx+H8GtfyS+OOXVr3SkZ0Zg0iRqRfQ=="
    },
    "@stimulus/mutation-observers": {
      "version": "1.1.1",
      "resolved": "https://registry.npmjs.org/@stimulus/mutation-observers/-/mutation-observers-1.1.1.tgz",
      "integrity": "sha512-/zCnnw1KJlWO2mrx0yxYaRFZWMGnDMdOgSnI4hxDLxdWVuL2HMROU8FpHWVBLjKY3T9A+lGkcrmPGDHF3pfS9w==",
      "requires": {
        "@stimulus/multimap": "^1.1.1"
      }
    },
    "@stimulus/webpack-helpers": {
      "version": "1.1.1",
      "resolved": "https://registry.npmjs.org/@stimulus/webpack-helpers/-/webpack-helpers-1.1.1.tgz",
      "integrity": "sha512-XOkqSw53N9072FLHvpLM25PIwy+ndkSSbnTtjKuyzsv8K5yfkFB2rv68jU1pzqYa9FZLcvZWP4yazC0V38dx9A=="
    },
    "stimulus": {
      "version": "1.1.1",
      "resolved": "https://registry.npmjs.org/stimulus/-/stimulus-1.1.1.tgz",
      "integrity": "sha512-R0mBqKp48YnRDZOxZ8hiOH4Ilph3Yj78CIFTBkCwyHs4iGCpe7xlEdQ7cjIxb+7qVCSxFKgxO+mAQbsNgt/5XQ==",
      "requires": {
        "@stimulus/core": "^1.1.1",
        "@stimulus/webpack-helpers": "^1.1.1"
      }
    }
  }
}
